// !$*UTF8*$!
{
	archiveVersion = 1;
	classes = {
	};
	objectVersion = 56;
	objects = {

/* Begin PBXBuildFile section */
		7C4307562A62866C006ED919 /* PostsServiceTests.swift in Sources */ = {isa = PBXBuildFile; fileRef = 7C4307552A62866C006ED919 /* PostsServiceTests.swift */; };
		7CD7474A2A62131C0026A2F9 /* postsSuccess.json in Resources */ = {isa = PBXBuildFile; fileRef = 7CD747492A62131C0026A2F9 /* postsSuccess.json */; };
		7CD7474C2A6213240026A2F9 /* postsFailure.json in Resources */ = {isa = PBXBuildFile; fileRef = 7CD7474B2A6213240026A2F9 /* postsFailure.json */; };
		7CED45AD2A4519550030B432 /* PostsDemoApp.swift in Sources */ = {isa = PBXBuildFile; fileRef = 7CED45AC2A4519550030B432 /* PostsDemoApp.swift */; };
		7CED45AF2A4519550030B432 /* ContentView.swift in Sources */ = {isa = PBXBuildFile; fileRef = 7CED45AE2A4519550030B432 /* ContentView.swift */; };
		7CED45B12A4519570030B432 /* Assets.xcassets in Resources */ = {isa = PBXBuildFile; fileRef = 7CED45B02A4519570030B432 /* Assets.xcassets */; };
		7CED45B42A4519570030B432 /* Preview Assets.xcassets in Resources */ = {isa = PBXBuildFile; fileRef = 7CED45B32A4519570030B432 /* Preview Assets.xcassets */; };
		7CED45BE2A4519570030B432 /* PostsDemoTests.swift in Sources */ = {isa = PBXBuildFile; fileRef = 7CED45BD2A4519570030B432 /* PostsDemoTests.swift */; };
		7CED45C82A4519570030B432 /* PostsDemoUITests.swift in Sources */ = {isa = PBXBuildFile; fileRef = 7CED45C72A4519570030B432 /* PostsDemoUITests.swift */; };
		7CED45CA2A4519570030B432 /* PostsDemoUITestsLaunchTests.swift in Sources */ = {isa = PBXBuildFile; fileRef = 7CED45C92A4519570030B432 /* PostsDemoUITestsLaunchTests.swift */; };
		7CED45D72A4519A60030B432 /* PostsViewModel.swift in Sources */ = {isa = PBXBuildFile; fileRef = 7CED45D62A4519A60030B432 /* PostsViewModel.swift */; };
		7CED45D92A4519D50030B432 /* Post.swift in Sources */ = {isa = PBXBuildFile; fileRef = 7CED45D82A4519D50030B432 /* Post.swift */; };
		7CED45DB2A451C0F0030B432 /* PostsService.swift in Sources */ = {isa = PBXBuildFile; fileRef = 7CED45DA2A451C0F0030B432 /* PostsService.swift */; };
/* End PBXBuildFile section */

/* Begin PBXContainerItemProxy section */
		7CED45BA2A4519570030B432 /* PBXContainerItemProxy */ = {
			isa = PBXContainerItemProxy;
			containerPortal = 7CED45A12A4519550030B432 /* Project object */;
			proxyType = 1;
			remoteGlobalIDString = 7CED45A82A4519550030B432;
			remoteInfo = PostsDemo;
		};
		7CED45C42A4519570030B432 /* PBXContainerItemProxy */ = {
			isa = PBXContainerItemProxy;
			containerPortal = 7CED45A12A4519550030B432 /* Project object */;
			proxyType = 1;
			remoteGlobalIDString = 7CED45A82A4519550030B432;
			remoteInfo = PostsDemo;
		};
/* End PBXContainerItemProxy section */

/* Begin PBXFileReference section */
		7C4307542A627F35006ED919 /* PostsDemo.xctestplan */ = {isa = PBXFileReference; lastKnownFileType = text; path = PostsDemo.xctestplan; sourceTree = "<group>"; };
		7C4307552A62866C006ED919 /* PostsServiceTests.swift */ = {isa = PBXFileReference; lastKnownFileType = sourcecode.swift; path = PostsServiceTests.swift; sourceTree = "<group>"; };
		7CD747492A62131C0026A2F9 /* postsSuccess.json */ = {isa = PBXFileReference; fileEncoding = 4; lastKnownFileType = text.json; path = postsSuccess.json; sourceTree = "<group>"; };
		7CD7474B2A6213240026A2F9 /* postsFailure.json */ = {isa = PBXFileReference; fileEncoding = 4; lastKnownFileType = text.json; path = postsFailure.json; sourceTree = "<group>"; };
		7CED45A92A4519550030B432 /* PostsDemo.app */ = {isa = PBXFileReference; explicitFileType = wrapper.application; includeInIndex = 0; path = PostsDemo.app; sourceTree = BUILT_PRODUCTS_DIR; };
		7CED45AC2A4519550030B432 /* PostsDemoApp.swift */ = {isa = PBXFileReference; lastKnownFileType = sourcecode.swift; path = PostsDemoApp.swift; sourceTree = "<group>"; };
		7CED45AE2A4519550030B432 /* ContentView.swift */ = {isa = PBXFileReference; lastKnownFileType = sourcecode.swift; path = ContentView.swift; sourceTree = "<group>"; };
		7CED45B02A4519570030B432 /* Assets.xcassets */ = {isa = PBXFileReference; lastKnownFileType = folder.assetcatalog; path = Assets.xcassets; sourceTree = "<group>"; };
		7CED45B32A4519570030B432 /* Preview Assets.xcassets */ = {isa = PBXFileReference; lastKnownFileType = folder.assetcatalog; path = "Preview Assets.xcassets"; sourceTree = "<group>"; };
		7CED45B92A4519570030B432 /* PostsDemoTests.xctest */ = {isa = PBXFileReference; explicitFileType = wrapper.cfbundle; includeInIndex = 0; path = PostsDemoTests.xctest; sourceTree = BUILT_PRODUCTS_DIR; };
		7CED45BD2A4519570030B432 /* PostsDemoTests.swift */ = {isa = PBXFileReference; lastKnownFileType = sourcecode.swift; path = PostsDemoTests.swift; sourceTree = "<group>"; };
		7CED45C32A4519570030B432 /* PostsDemoUITests.xctest */ = {isa = PBXFileReference; explicitFileType = wrapper.cfbundle; includeInIndex = 0; path = PostsDemoUITests.xctest; sourceTree = BUILT_PRODUCTS_DIR; };
		7CED45C72A4519570030B432 /* PostsDemoUITests.swift */ = {isa = PBXFileReference; lastKnownFileType = sourcecode.swift; path = PostsDemoUITests.swift; sourceTree = "<group>"; };
		7CED45C92A4519570030B432 /* PostsDemoUITestsLaunchTests.swift */ = {isa = PBXFileReference; lastKnownFileType = sourcecode.swift; path = PostsDemoUITestsLaunchTests.swift; sourceTree = "<group>"; };
		7CED45D62A4519A60030B432 /* PostsViewModel.swift */ = {isa = PBXFileReference; lastKnownFileType = sourcecode.swift; path = PostsViewModel.swift; sourceTree = "<group>"; };
		7CED45D82A4519D50030B432 /* Post.swift */ = {isa = PBXFileReference; lastKnownFileType = sourcecode.swift; path = Post.swift; sourceTree = "<group>"; };
		7CED45DA2A451C0F0030B432 /* PostsService.swift */ = {isa = PBXFileReference; lastKnownFileType = sourcecode.swift; path = PostsService.swift; sourceTree = "<group>"; };
/* End PBXFileReference section */

/* Begin PBXFrameworksBuildPhase section */
		7CED45A62A4519550030B432 /* Frameworks */ = {
			isa = PBXFrameworksBuildPhase;
			buildActionMask = 2147483647;
			files = (
			);
			runOnlyForDeploymentPostprocessing = 0;
		};
		7CED45B62A4519570030B432 /* Frameworks */ = {
			isa = PBXFrameworksBuildPhase;
			buildActionMask = 2147483647;
			files = (
			);
			runOnlyForDeploymentPostprocessing = 0;
		};
		7CED45C02A4519570030B432 /* Frameworks */ = {
			isa = PBXFrameworksBuildPhase;
			buildActionMask = 2147483647;
			files = (
			);
			runOnlyForDeploymentPostprocessing = 0;
		};
/* End PBXFrameworksBuildPhase section */

/* Begin PBXGroup section */
		7C43075F2A63630B006ED919 /* Screens */ = {
			isa = PBXGroup;
			children = (
				7C4307602A636312006ED919 /* PostsList */,
			);
			path = Screens;
			sourceTree = "<group>";
		};
		7C4307602A636312006ED919 /* PostsList */ = {
			isa = PBXGroup;
			children = (
				7CED45DA2A451C0F0030B432 /* PostsService.swift */,
				7CED45D82A4519D50030B432 /* Post.swift */,
				7CED45D62A4519A60030B432 /* PostsViewModel.swift */,
				7CED45AE2A4519550030B432 /* ContentView.swift */,
			);
			path = PostsList;
			sourceTree = "<group>";
		};
		7C4307612A636333006ED919 /* MockData */ = {
			isa = PBXGroup;
			children = (
				7CD7474B2A6213240026A2F9 /* postsFailure.json */,
				7CD747492A62131C0026A2F9 /* postsSuccess.json */,
			);
			path = MockData;
			sourceTree = "<group>";
		};
		7CED45A02A4519550030B432 = {
			isa = PBXGroup;
			children = (
				7C4307542A627F35006ED919 /* PostsDemo.xctestplan */,
				7CED45AB2A4519550030B432 /* PostsDemo */,
				7CED45BC2A4519570030B432 /* PostsDemoTests */,
				7CED45C62A4519570030B432 /* PostsDemoUITests */,
				7CED45AA2A4519550030B432 /* Products */,
			);
			sourceTree = "<group>";
		};
		7CED45AA2A4519550030B432 /* Products */ = {
			isa = PBXGroup;
			children = (
				7CED45A92A4519550030B432 /* PostsDemo.app */,
				7CED45B92A4519570030B432 /* PostsDemoTests.xctest */,
				7CED45C32A4519570030B432 /* PostsDemoUITests.xctest */,
			);
			name = Products;
			sourceTree = "<group>";
		};
		7CED45AB2A4519550030B432 /* PostsDemo */ = {
			isa = PBXGroup;
			children = (
				7C43075F2A63630B006ED919 /* Screens */,
				7CED45AC2A4519550030B432 /* PostsDemoApp.swift */,
				7CED45B02A4519570030B432 /* Assets.xcassets */,
				7CED45B22A4519570030B432 /* Preview Content */,
			);
			path = PostsDemo;
			sourceTree = "<group>";
		};
		7CED45B22A4519570030B432 /* Preview Content */ = {
			isa = PBXGroup;
			children = (
				7CED45B32A4519570030B432 /* Preview Assets.xcassets */,
			);
			path = "Preview Content";
			sourceTree = "<group>";
		};
		7CED45BC2A4519570030B432 /* PostsDemoTests */ = {
			isa = PBXGroup;
			children = (
				7C4307612A636333006ED919 /* MockData */,
				7CED45BD2A4519570030B432 /* PostsDemoTests.swift */,
				7C4307552A62866C006ED919 /* PostsServiceTests.swift */,
			);
			path = PostsDemoTests;
			sourceTree = "<group>";
		};
		7CED45C62A4519570030B432 /* PostsDemoUITests */ = {
			isa = PBXGroup;
			children = (
				7CED45C72A4519570030B432 /* PostsDemoUITests.swift */,
				7CED45C92A4519570030B432 /* PostsDemoUITestsLaunchTests.swift */,
			);
			path = PostsDemoUITests;
			sourceTree = "<group>";
		};
/* End PBXGroup section */

/* Begin PBXNativeTarget section */
		7CED45A82A4519550030B432 /* PostsDemo */ = {
			isa = PBXNativeTarget;
			buildConfigurationList = 7CED45CD2A4519570030B432 /* Build configuration list for PBXNativeTarget "PostsDemo" */;
			buildPhases = (
				7CED45A52A4519550030B432 /* Sources */,
				7CED45A62A4519550030B432 /* Frameworks */,
				7CED45A72A4519550030B432 /* Resources */,
			);
			buildRules = (
			);
			dependencies = (
			);
			name = PostsDemo;
			productName = PostsDemo;
			productReference = 7CED45A92A4519550030B432 /* PostsDemo.app */;
			productType = "com.apple.product-type.application";
		};
		7CED45B82A4519570030B432 /* PostsDemoTests */ = {
			isa = PBXNativeTarget;
			buildConfigurationList = 7CED45D02A4519570030B432 /* Build configuration list for PBXNativeTarget "PostsDemoTests" */;
			buildPhases = (
				7CED45B52A4519570030B432 /* Sources */,
				7CED45B62A4519570030B432 /* Frameworks */,
				7CED45B72A4519570030B432 /* Resources */,
			);
			buildRules = (
			);
			dependencies = (
				7CED45BB2A4519570030B432 /* PBXTargetDependency */,
			);
			name = PostsDemoTests;
			productName = PostsDemoTests;
			productReference = 7CED45B92A4519570030B432 /* PostsDemoTests.xctest */;
			productType = "com.apple.product-type.bundle.unit-test";
		};
		7CED45C22A4519570030B432 /* PostsDemoUITests */ = {
			isa = PBXNativeTarget;
			buildConfigurationList = 7CED45D32A4519570030B432 /* Build configuration list for PBXNativeTarget "PostsDemoUITests" */;
			buildPhases = (
				7CED45BF2A4519570030B432 /* Sources */,
				7CED45C02A4519570030B432 /* Frameworks */,
				7CED45C12A4519570030B432 /* Resources */,
			);
			buildRules = (
			);
			dependencies = (
				7CED45C52A4519570030B432 /* PBXTargetDependency */,
			);
			name = PostsDemoUITests;
			productName = PostsDemoUITests;
			productReference = 7CED45C32A4519570030B432 /* PostsDemoUITests.xctest */;
			productType = "com.apple.product-type.bundle.ui-testing";
		};
/* End PBXNativeTarget section */

/* Begin PBXProject section */
		7CED45A12A4519550030B432 /* Project object */ = {
			isa = PBXProject;
			attributes = {
				BuildIndependentTargetsInParallel = 1;
				LastSwiftUpdateCheck = 1420;
				LastUpgradeCheck = 1420;
				TargetAttributes = {
					7CED45A82A4519550030B432 = {
						CreatedOnToolsVersion = 14.2;
					};
					7CED45B82A4519570030B432 = {
						CreatedOnToolsVersion = 14.2;
						TestTargetID = 7CED45A82A4519550030B432;
					};
					7CED45C22A4519570030B432 = {
						CreatedOnToolsVersion = 14.2;
						TestTargetID = 7CED45A82A4519550030B432;
					};
				};
			};
			buildConfigurationList = 7CED45A42A4519550030B432 /* Build configuration list for PBXProject "PostsDemo" */;
			compatibilityVersion = "Xcode 14.0";
			developmentRegion = en;
			hasScannedForEncodings = 0;
			knownRegions = (
				en,
				Base,
			);
			mainGroup = 7CED45A02A4519550030B432;
			productRefGroup = 7CED45AA2A4519550030B432 /* Products */;
			projectDirPath = "";
			projectRoot = "";
			targets = (
				7CED45A82A4519550030B432 /* PostsDemo */,
				7CED45B82A4519570030B432 /* PostsDemoTests */,
				7CED45C22A4519570030B432 /* PostsDemoUITests */,
			);
		};
/* End PBXProject section */

/* Begin PBXResourcesBuildPhase section */
		7CED45A72A4519550030B432 /* Resources */ = {
			isa = PBXResourcesBuildPhase;
			buildActionMask = 2147483647;
			files = (
				7CED45B42A4519570030B432 /* Preview Assets.xcassets in Resources */,
				7CED45B12A4519570030B432 /* Assets.xcassets in Resources */,
			);
			runOnlyForDeploymentPostprocessing = 0;
		};
		7CED45B72A4519570030B432 /* Resources */ = {
			isa = PBXResourcesBuildPhase;
			buildActionMask = 2147483647;
			files = (
				7CD7474C2A6213240026A2F9 /* postsFailure.json in Resources */,
				7CD7474A2A62131C0026A2F9 /* postsSuccess.json in Resources */,
			);
			runOnlyForDeploymentPostprocessing = 0;
		};
		7CED45C12A4519570030B432 /* Resources */ = {
			isa = PBXResourcesBuildPhase;
			buildActionMask = 2147483647;
			files = (
			);
			runOnlyForDeploymentPostprocessing = 0;
		};
/* End PBXResourcesBuildPhase section */

/* Begin PBXSourcesBuildPhase section */
		7CED45A52A4519550030B432 /* Sources */ = {
			isa = PBXSourcesBuildPhase;
			buildActionMask = 2147483647;
			files = (
				7CED45DB2A451C0F0030B432 /* PostsService.swift in Sources */,
				7CED45AF2A4519550030B432 /* ContentView.swift in Sources */,
				7CED45AD2A4519550030B432 /* PostsDemoApp.swift in Sources */,
				7CED45D72A4519A60030B432 /* PostsViewModel.swift in Sources */,
				7CED45D92A4519D50030B432 /* Post.swift in Sources */,
			);
			runOnlyForDeploymentPostprocessing = 0;
		};
		7CED45B52A4519570030B432 /* Sources */ = {
			isa = PBXSourcesBuildPhase;
			buildActionMask = 2147483647;
			files = (
				7CED45BE2A4519570030B432 /* PostsDemoTests.swift in Sources */,
				7C4307562A62866C006ED919 /* PostsServiceTests.swift in Sources */,
			);
			runOnlyForDeploymentPostprocessing = 0;
		};
		7CED45BF2A4519570030B432 /* Sources */ = {
			isa = PBXSourcesBuildPhase;
			buildActionMask = 2147483647;
			files = (
				7CED45C82A4519570030B432 /* PostsDemoUITests.swift in Sources */,
				7CED45CA2A4519570030B432 /* PostsDemoUITestsLaunchTests.swift in Sources */,
			);
			runOnlyForDeploymentPostprocessing = 0;
		};
/* End PBXSourcesBuildPhase section */

/* Begin PBXTargetDependency section */
		7CED45BB2A4519570030B432 /* PBXTargetDependency */ = {
			isa = PBXTargetDependency;
			target = 7CED45A82A4519550030B432 /* PostsDemo */;
			targetProxy = 7CED45BA2A4519570030B432 /* PBXContainerItemProxy */;
		};
		7CED45C52A4519570030B432 /* PBXTargetDependency */ = {
			isa = PBXTargetDependency;
			target = 7CED45A82A4519550030B432 /* PostsDemo */;
			targetProxy = 7CED45C42A4519570030B432 /* PBXContainerItemProxy */;
		};
/* End PBXTargetDependency section */

/* Begin XCBuildConfiguration section */
		7CED45CB2A4519570030B432 /* Debug */ = {
			isa = XCBuildConfiguration;
			buildSettings = {
				ALWAYS_SEARCH_USER_PATHS = NO;
				CLANG_ANALYZER_NONNULL = YES;
				CLANG_ANALYZER_NUMBER_OBJECT_CONVERSION = YES_AGGRESSIVE;
				CLANG_CXX_LANGUAGE_STANDARD = "gnu++20";
				CLANG_ENABLE_MODULES = YES;
				CLANG_ENABLE_OBJC_ARC = YES;
				CLANG_ENABLE_OBJC_WEAK = YES;
				CLANG_WARN_BLOCK_CAPTURE_AUTORELEASING = YES;
				CLANG_WARN_BOOL_CONVERSION = YES;
				CLANG_WARN_COMMA = YES;
				CLANG_WARN_CONSTANT_CONVERSION = YES;
				CLANG_WARN_DEPRECATED_OBJC_IMPLEMENTATIONS = YES;
				CLANG_WARN_DIRECT_OBJC_ISA_USAGE = YES_ERROR;
				CLANG_WARN_DOCUMENTATION_COMMENTS = YES;
				CLANG_WARN_EMPTY_BODY = YES;
				CLANG_WARN_ENUM_CONVERSION = YES;
				CLANG_WARN_INFINITE_RECURSION = YES;
				CLANG_WARN_INT_CONVERSION = YES;
				CLANG_WARN_NON_LITERAL_NULL_CONVERSION = YES;
				CLANG_WARN_OBJC_IMPLICIT_RETAIN_SELF = YES;
				CLANG_WARN_OBJC_LITERAL_CONVERSION = YES;
				CLANG_WARN_OBJC_ROOT_CLASS = YES_ERROR;
				CLANG_WARN_QUOTED_INCLUDE_IN_FRAMEWORK_HEADER = YES;
				CLANG_WARN_RANGE_LOOP_ANALYSIS = YES;
				CLANG_WARN_STRICT_PROTOTYPES = YES;
				CLANG_WARN_SUSPICIOUS_MOVE = YES;
				CLANG_WARN_UNGUARDED_AVAILABILITY = YES_AGGRESSIVE;
				CLANG_WARN_UNREACHABLE_CODE = YES;
				CLANG_WARN__DUPLICATE_METHOD_MATCH = YES;
				COPY_PHASE_STRIP = NO;
				DEBUG_INFORMATION_FORMAT = dwarf;
				ENABLE_STRICT_OBJC_MSGSEND = YES;
				ENABLE_TESTABILITY = YES;
				GCC_C_LANGUAGE_STANDARD = gnu11;
				GCC_DYNAMIC_NO_PIC = NO;
				GCC_NO_COMMON_BLOCKS = YES;
				GCC_OPTIMIZATION_LEVEL = 0;
				GCC_PREPROCESSOR_DEFINITIONS = (
					"DEBUG=1",
					"$(inherited)",
				);
				GCC_WARN_64_TO_32_BIT_CONVERSION = YES;
				GCC_WARN_ABOUT_RETURN_TYPE = YES_ERROR;
				GCC_WARN_UNDECLARED_SELECTOR = YES;
				GCC_WARN_UNINITIALIZED_AUTOS = YES_AGGRESSIVE;
				GCC_WARN_UNUSED_FUNCTION = YES;
				GCC_WARN_UNUSED_VARIABLE = YES;
				IPHONEOS_DEPLOYMENT_TARGET = 16.2;
				MTL_ENABLE_DEBUG_INFO = INCLUDE_SOURCE;
				MTL_FAST_MATH = YES;
				ONLY_ACTIVE_ARCH = YES;
				SDKROOT = iphoneos;
				SWIFT_ACTIVE_COMPILATION_CONDITIONS = DEBUG;
				SWIFT_OPTIMIZATION_LEVEL = "-Onone";
			};
			name = Debug;
		};
		7CED45CC2A4519570030B432 /* Release */ = {
			isa = XCBuildConfiguration;
			buildSettings = {
				ALWAYS_SEARCH_USER_PATHS = NO;
				CLANG_ANALYZER_NONNULL = YES;
				CLANG_ANALYZER_NUMBER_OBJECT_CONVERSION = YES_AGGRESSIVE;
				CLANG_CXX_LANGUAGE_STANDARD = "gnu++20";
				CLANG_ENABLE_MODULES = YES;
				CLANG_ENABLE_OBJC_ARC = YES;
				CLANG_ENABLE_OBJC_WEAK = YES;
				CLANG_WARN_BLOCK_CAPTURE_AUTORELEASING = YES;
				CLANG_WARN_BOOL_CONVERSION = YES;
				CLANG_WARN_COMMA = YES;
				CLANG_WARN_CONSTANT_CONVERSION = YES;
				CLANG_WARN_DEPRECATED_OBJC_IMPLEMENTATIONS = YES;
				CLANG_WARN_DIRECT_OBJC_ISA_USAGE = YES_ERROR;
				CLANG_WARN_DOCUMENTATION_COMMENTS = YES;
				CLANG_WARN_EMPTY_BODY = YES;
				CLANG_WARN_ENUM_CONVERSION = YES;
				CLANG_WARN_INFINITE_RECURSION = YES;
				CLANG_WARN_INT_CONVERSION = YES;
				CLANG_WARN_NON_LITERAL_NULL_CONVERSION = YES;
				CLANG_WARN_OBJC_IMPLICIT_RETAIN_SELF = YES;
				CLANG_WARN_OBJC_LITERAL_CONVERSION = YES;
				CLANG_WARN_OBJC_ROOT_CLASS = YES_ERROR;
				CLANG_WARN_QUOTED_INCLUDE_IN_FRAMEWORK_HEADER = YES;
				CLANG_WARN_RANGE_LOOP_ANALYSIS = YES;
				CLANG_WARN_STRICT_PROTOTYPES = YES;
				CLANG_WARN_SUSPICIOUS_MOVE = YES;
				CLANG_WARN_UNGUARDED_AVAILABILITY = YES_AGGRESSIVE;
				CLANG_WARN_UNREACHABLE_CODE = YES;
				CLANG_WARN__DUPLICATE_METHOD_MATCH = YES;
				COPY_PHASE_STRIP = NO;
				DEBUG_INFORMATION_FORMAT = "dwarf-with-dsym";
				ENABLE_NS_ASSERTIONS = NO;
				ENABLE_STRICT_OBJC_MSGSEND = YES;
				GCC_C_LANGUAGE_STANDARD = gnu11;
				GCC_NO_COMMON_BLOCKS = YES;
				GCC_WARN_64_TO_32_BIT_CONVERSION = YES;
				GCC_WARN_ABOUT_RETURN_TYPE = YES_ERROR;
				GCC_WARN_UNDECLARED_SELECTOR = YES;
				GCC_WARN_UNINITIALIZED_AUTOS = YES_AGGRESSIVE;
				GCC_WARN_UNUSED_FUNCTION = YES;
				GCC_WARN_UNUSED_VARIABLE = YES;
				IPHONEOS_DEPLOYMENT_TARGET = 16.2;
				MTL_ENABLE_DEBUG_INFO = NO;
				MTL_FAST_MATH = YES;
				SDKROOT = iphoneos;
				SWIFT_COMPILATION_MODE = wholemodule;
				SWIFT_OPTIMIZATION_LEVEL = "-O";
				VALIDATE_PRODUCT = YES;
			};
			name = Release;
		};
		7CED45CE2A4519570030B432 /* Debug */ = {
			isa = XCBuildConfiguration;
			buildSettings = {
				ASSETCATALOG_COMPILER_APPICON_NAME = AppIcon;
				ASSETCATALOG_COMPILER_GLOBAL_ACCENT_COLOR_NAME = AccentColor;
				CODE_SIGN_STYLE = Automatic;
				CURRENT_PROJECT_VERSION = 1;
				DEVELOPMENT_ASSET_PATHS = "\"PostsDemo/Preview Content\"";
				DEVELOPMENT_TEAM = H226T69YR3;
				ENABLE_PREVIEWS = YES;
				GCC_INSTRUMENT_PROGRAM_FLOW_ARCS = YES;
				GENERATE_INFOPLIST_FILE = YES;
				INFOPLIST_KEY_UIApplicationSceneManifest_Generation = YES;
				INFOPLIST_KEY_UIApplicationSupportsIndirectInputEvents = YES;
				INFOPLIST_KEY_UILaunchScreen_Generation = YES;
				INFOPLIST_KEY_UISupportedInterfaceOrientations_iPad = "UIInterfaceOrientationPortrait UIInterfaceOrientationPortraitUpsideDown UIInterfaceOrientationLandscapeLeft UIInterfaceOrientationLandscapeRight";
				INFOPLIST_KEY_UISupportedInterfaceOrientations_iPhone = "UIInterfaceOrientationPortrait UIInterfaceOrientationLandscapeLeft UIInterfaceOrientationLandscapeRight";
				LD_RUNPATH_SEARCH_PATHS = (
					"$(inherited)",
					"@executable_path/Frameworks",
				);
				MARKETING_VERSION = 1.0;
				PRODUCT_BUNDLE_IDENTIFIER = com.cocoateam.PostsDemo;
				PRODUCT_NAME = "$(TARGET_NAME)";
				SWIFT_EMIT_LOC_STRINGS = YES;
				SWIFT_VERSION = 5.0;
				TARGETED_DEVICE_FAMILY = "1,2";
			};
			name = Debug;
		};
		7CED45CF2A4519570030B432 /* Release */ = {
			isa = XCBuildConfiguration;
			buildSettings = {
				ASSETCATALOG_COMPILER_APPICON_NAME = AppIcon;
				ASSETCATALOG_COMPILER_GLOBAL_ACCENT_COLOR_NAME = AccentColor;
				CODE_SIGN_STYLE = Automatic;
				CURRENT_PROJECT_VERSION = 1;
				DEVELOPMENT_ASSET_PATHS = "\"PostsDemo/Preview Content\"";
				DEVELOPMENT_TEAM = H226T69YR3;
				ENABLE_PREVIEWS = YES;
				GCC_INSTRUMENT_PROGRAM_FLOW_ARCS = YES;
				GENERATE_INFOPLIST_FILE = YES;
				INFOPLIST_KEY_UIApplicationSceneManifest_Generation = YES;
				INFOPLIST_KEY_UIApplicationSupportsIndirectInputEvents = YES;
				INFOPLIST_KEY_UILaunchScreen_Generation = YES;
				INFOPLIST_KEY_UISupportedInterfaceOrientations_iPad = "UIInterfaceOrientationPortrait UIInterfaceOrientationPortraitUpsideDown UIInterfaceOrientationLandscapeLeft UIInterfaceOrientationLandscapeRight";
				INFOPLIST_KEY_UISupportedInterfaceOrientations_iPhone = "UIInterfaceOrientationPortrait UIInterfaceOrientationLandscapeLeft UIInterfaceOrientationLandscapeRight";
				LD_RUNPATH_SEARCH_PATHS = (
					"$(inherited)",
					"@executable_path/Frameworks",
				);
				MARKETING_VERSION = 1.0;
				PRODUCT_BUNDLE_IDENTIFIER = com.cocoateam.PostsDemo;
				PRODUCT_NAME = "$(TARGET_NAME)";
				SWIFT_EMIT_LOC_STRINGS = YES;
				SWIFT_VERSION = 5.0;
				TARGETED_DEVICE_FAMILY = "1,2";
			};
			name = Release;
		};
		7CED45D12A4519570030B432 /* Debug */ = {
			isa = XCBuildConfiguration;
			buildSettings = {
				ALWAYS_EMBED_SWIFT_STANDARD_LIBRARIES = YES;
				BUNDLE_LOADER = "$(TEST_HOST)";
				CODE_SIGN_STYLE = Automatic;
				CURRENT_PROJECT_VERSION = 1;
				DEVELOPMENT_TEAM = H226T69YR3;
				GENERATE_INFOPLIST_FILE = YES;
				IPHONEOS_DEPLOYMENT_TARGET = 16.2;
				MARKETING_VERSION = 1.0;
				PRODUCT_BUNDLE_IDENTIFIER = com.cocoateam.PostsDemoTests;
				PRODUCT_NAME = "$(TARGET_NAME)";
				SWIFT_EMIT_LOC_STRINGS = NO;
				SWIFT_VERSION = 5.0;
				TARGETED_DEVICE_FAMILY = "1,2";
				TEST_HOST = "$(BUILT_PRODUCTS_DIR)/PostsDemo.app/$(BUNDLE_EXECUTABLE_FOLDER_PATH)/PostsDemo";
			};
			name = Debug;
		};
		7CED45D22A4519570030B432 /* Release */ = {
			isa = XCBuildConfiguration;
			buildSettings = {
				ALWAYS_EMBED_SWIFT_STANDARD_LIBRARIES = YES;
				BUNDLE_LOADER = "$(TEST_HOST)";
				CODE_SIGN_STYLE = Automatic;
				CURRENT_PROJECT_VERSION = 1;
				DEVELOPMENT_TEAM = H226T69YR3;
				GENERATE_INFOPLIST_FILE = YES;
				IPHONEOS_DEPLOYMENT_TARGET = 16.2;
				MARKETING_VERSION = 1.0;
				PRODUCT_BUNDLE_IDENTIFIER = com.cocoateam.PostsDemoTests;
				PRODUCT_NAME = "$(TARGET_NAME)";
				SWIFT_EMIT_LOC_STRINGS = NO;
				SWIFT_VERSION = 5.0;
				TARGETED_DEVICE_FAMILY = "1,2";
				TEST_HOST = "$(BUILT_PRODUCTS_DIR)/PostsDemo.app/$(BUNDLE_EXECUTABLE_FOLDER_PATH)/PostsDemo";
			};
			name = Release;
		};
		7CED45D42A4519570030B432 /* Debug */ = {
			isa = XCBuildConfiguration;
			buildSettings = {
				ALWAYS_EMBED_SWIFT_STANDARD_LIBRARIES = YES;
				CODE_SIGN_STYLE = Automatic;
				CURRENT_PROJECT_VERSION = 1;
				DEVELOPMENT_TEAM = H226T69YR3;
				GENERATE_INFOPLIST_FILE = YES;
				MARKETING_VERSION = 1.0;
				PRODUCT_BUNDLE_IDENTIFIER = com.cocoateam.PostsDemoUITests;
				PRODUCT_NAME = "$(TARGET_NAME)";
				SWIFT_EMIT_LOC_STRINGS = NO;
				SWIFT_VERSION = 5.0;
				TARGETED_DEVICE_FAMILY = "1,2";
				TEST_TARGET_NAME = PostsDemo;
			};
			name = Debug;
		};
		7CED45D52A4519570030B432 /* Release */ = {
			isa = XCBuildConfiguration;
			buildSettings = {
				ALWAYS_EMBED_SWIFT_STANDARD_LIBRARIES = YES;
				CODE_SIGN_STYLE = Automatic;
				CURRENT_PROJECT_VERSION = 1;
				DEVELOPMENT_TEAM = H226T69YR3;
				GENERATE_INFOPLIST_FILE = YES;
				MARKETING_VERSION = 1.0;
				PRODUCT_BUNDLE_IDENTIFIER = com.cocoateam.PostsDemoUITests;
				PRODUCT_NAME = "$(TARGET_NAME)";
				SWIFT_EMIT_LOC_STRINGS = NO;
				SWIFT_VERSION = 5.0;
				TARGETED_DEVICE_FAMILY = "1,2";
				TEST_TARGET_NAME = PostsDemo;
			};
			name = Release;
		};
/* End XCBuildConfiguration section */

/* Begin XCConfigurationList section */
		7CED45A42A4519550030B432 /* Build configuration list for PBXProject "PostsDemo" */ = {
			isa = XCConfigurationList;
			buildConfigurations = (
				7CED45CB2A4519570030B432 /* Debug */,
				7CED45CC2A4519570030B432 /* Release */,
			);
			defaultConfigurationIsVisible = 0;
			defaultConfigurationName = Release;
		};
		7CED45CD2A4519570030B432 /* Build configuration list for PBXNativeTarget "PostsDemo" */ = {
			isa = XCConfigurationList;
			buildConfigurations = (
				7CED45CE2A4519570030B432 /* Debug */,
				7CED45CF2A4519570030B432 /* Release */,
			);
			defaultConfigurationIsVisible = 0;
			defaultConfigurationName = Release;
		};
		7CED45D02A4519570030B432 /* Build configuration list for PBXNativeTarget "PostsDemoTests" */ = {
			isa = XCConfigurationList;
			buildConfigurations = (
				7CED45D12A4519570030B432 /* Debug */,
				7CED45D22A4519570030B432 /* Release */,
			);
			defaultConfigurationIsVisible = 0;
			defaultConfigurationName = Release;
		};
		7CED45D32A4519570030B432 /* Build configuration list for PBXNativeTarget "PostsDemoUITests" */ = {
			isa = XCConfigurationList;
			buildConfigurations = (
				7CED45D42A4519570030B432 /* Debug */,
				7CED45D52A4519570030B432 /* Release */,
			);
			defaultConfigurationIsVisible = 0;
			defaultConfigurationName = Release;
		};
/* End XCConfigurationList section */
	};
	rootObject = 7CED45A12A4519550030B432 /* Project object */;
}
